{
  "name": "wincent",
  "version": "0.0.1",
  "lockfileVersion": 3,
  "requires": true,
  "packages": {
    "": {
      "name": "wincent",
      "version": "0.0.1",
      "license": "Unlicense",
      "dependencies": {
        "@typescript/native-preview": "^7.0.0-dev.20251117.1"
      },
      "devDependencies": {
        "@types/node": "*",
        "dprint": "*"
      },
      "engines": {
        "node": ">=24.14.0"
      }
    },
    "node_modules/@dprint/darwin-arm64": {
      "version": "0.53.0",
      "resolved": "https://registry.npmjs.org/@dprint/darwin-arm64/-/darwin-arm64-0.53.0.tgz",
      "integrity": "sha512-ks9Y6koRRHWQOGIXuAUTZt5QkbR8uRVYvj80SKbjZTBYWaazjgPBbzYjnsz5qD6K/ALAqjfGFj5pAx8hgpkxeQ==",
      "cpu": [
        "arm64"
      ],
      "dev": true,
      "license": "MIT",
      "optional": true,
      "os": [
        "darwin"
      ]
    },
    "node_modules/@dprint/darwin-x64": {
      "version": "0.53.0",
      "resolved": "https://registry.npmjs.org/@dprint/darwin-x64/-/darwin-x64-0.53.0.tgz",
      "integrity": "sha512-h50X4bVMqcBbJBmH25ilyEBi/xqpxDIBuK01+k7TFMdk65N1u8hUjJyVV+2cEUhmHvXF/HVtSrRIRgIPJbQa5g==",
      "cpu": [
        "x64"
      ],
      "dev": true,
      "license": "MIT",
      "optional": true,
      "os": [
        "darwin"
      ]
    },
    "node_modules/@dprint/linux-arm64-glibc": {
      "version": "0.53.0",
      "resolved": "https://registry.npmjs.org/@dprint/linux-arm64-glibc/-/linux-arm64-glibc-0.53.0.tgz",
      "integrity": "sha512-pQ2uGibLcshKvz6DAnJ+/I8GJ3BSTwfFbt7itC74ci0mIiY0szMByby1ctA8ojL0U6mQewsueN3uETx7udfurA==",
      "cpu": [
        "arm64"
      ],
      "dev": true,
      "license": "MIT",
      "optional": true,
      "os": [
        "linux"
      ]
    },
    "node_modules/@dprint/linux-arm64-musl": {
      "version": "0.53.0",
      "resolved": "https://registry.npmjs.org/@dprint/linux-arm64-musl/-/linux-arm64-musl-0.53.0.tgz",
      "integrity": "sha512-YhUs/fsuftp8gaeHjraCGVHdyflhbZDMLfqRaDtlzXMS5byc+z3NWsWxDc2YRXCPt614ulr6l6fDWp6wiOzJyg==",
      "cpu": [
        "arm64"
      ],
      "dev": true,
      "license": "MIT",
      "optional": true,
      "os": [
        "linux"
      ]
    },
    "node_modules/@dprint/linux-loong64-glibc": {
      "version": "0.53.0",
      "resolved": "https://registry.npmjs.org/@dprint/linux-loong64-glibc/-/linux-loong64-glibc-0.53.0.tgz",
      "integrity": "sha512-Q4VZfD18+xIHbXcEq4xlHsYhYSENkrP7bYIXSZlMtAqgZiiSOZ1rYKRmtOWWbBhD5nJ1E0lN/AddEl8eYI8Ehg==",
      "cpu": [
        "loong64"
      ],
      "dev": true,
      "license": "MIT",
      "optional": true,
      "os": [
        "linux"
      ]
    },
    "node_modules/@dprint/linux-loong64-musl": {
      "version": "0.53.0",
      "resolved": "https://registry.npmjs.org/@dprint/linux-loong64-musl/-/linux-loong64-musl-0.53.0.tgz",
      "integrity": "sha512-CUwrJ/GuNRk3gnDDU/ovqirOecr6ifiNLtTvfmfY83Xui3eJ2iNHQgy/BTgPhX9SDi6gnvMc+/yWUGGtsl3sag==",
      "cpu": [
        "loong64"
      ],
      "dev": true,
      "license": "MIT",
      "optional": true,
      "os": [
        "linux"
      ]
    },
    "node_modules/@dprint/linux-riscv64-glibc": {
      "version": "0.53.0",
      "resolved": "https://registry.npmjs.org/@dprint/linux-riscv64-glibc/-/linux-riscv64-glibc-0.53.0.tgz",
      "integrity": "sha512-R4wNskl87MhDK5YjYtn4qn8nFw+rtS5evudzVIz01UTyrnEiFynJbW6vUPFEl7r92FeZKdlqRuDBWDAsz8HhvQ==",
      "cpu": [
        "riscv64"
      ],
      "dev": true,
      "license": "MIT",
      "optional": true,
      "os": [
        "linux"
      ]
    },
    "node_modules/@dprint/linux-x64-glibc": {
      "version": "0.53.0",
      "resolved": "https://registry.npmjs.org/@dprint/linux-x64-glibc/-/linux-x64-glibc-0.53.0.tgz",
      "integrity": "sha512-ynaC2AR9wXUtOnys3EUXCj7O2C75PCX2iMOIhDaqY/7+V9uigQEoNZqN9N/v72HSPhBNw37Z19Jy+yOwsvOwlg==",
      "cpu": [
        "x64"
      ],
      "dev": true,
      "license": "MIT",
      "optional": true,
      "os": [
        "linux"
      ]
    },
    "node_modules/@dprint/linux-x64-musl": {
      "version": "0.53.0",
      "resolved": "https://registry.npmjs.org/@dprint/linux-x64-musl/-/linux-x64-musl-0.53.0.tgz",
      "integrity": "sha512-0/BY9FSmqfESeBfto2rZj2aX9ihlxHxtesfSZoCSGWdb9xPnhgn0D2CIswLZS7U37uSdX4+D8Hi97NWOLls+RA==",
      "cpu": [
        "x64"
      ],
      "dev": true,
      "license": "MIT",
      "optional": true,
      "os": [
        "linux"
      ]
    },
    "node_modules/@dprint/win32-arm64": {
      "version": "0.53.0",
      "resolved": "https://registry.npmjs.org/@dprint/win32-arm64/-/win32-arm64-0.53.0.tgz",
      "integrity": "sha512-RotC4SDfBvMuImh9DnPq3tMnzaol4lCQDa/QMPq1Ev4oAQGfxRlNKeI7hvwgY+otH6HJfwpD+YKv7YdNBEoH1g==",
      "cpu": [
        "arm64"
      ],
      "dev": true,
      "license": "MIT",
      "optional": true,
      "os": [
        "win32"
      ]
    },
    "node_modules/@dprint/win32-x64": {
      "version": "0.53.0",
      "resolved": "https://registry.npmjs.org/@dprint/win32-x64/-/win32-x64-0.53.0.tgz",
      "integrity": "sha512-Z6a5Qua1QRoOZpDQTlfcIVOubZ1N0e84dc6NEtBriBNjfy8mUPS2zF+ifSx2M7EeuCKIyNAotVLmD2iydp2Ekg==",
      "cpu": [
        "x64"
      ],
      "dev": true,
      "license": "MIT",
      "optional": true,
      "os": [
        "win32"
      ]
    },
    "node_modules/@types/node": {
      "version": "25.5.0",
      "resolved": "https://registry.npmjs.org/@types/node/-/node-25.5.0.tgz",
      "integrity": "sha512-jp2P3tQMSxWugkCUKLRPVUpGaL5MVFwF8RDuSRztfwgN1wmqJeMSbKlnEtQqU8UrhTmzEmZdu2I6v2dpp7XIxw==",
      "dev": true,
      "license": "MIT",
      "dependencies": {
        "undici-types": "~7.18.0"
      }
    },
    "node_modules/@typescript/native-preview": {
      "version": "7.0.0-dev.20260324.1",
      "resolved": "https://registry.npmjs.org/@typescript/native-preview/-/native-preview-7.0.0-dev.20260324.1.tgz",
      "integrity": "sha512-AzuC/jEAucVCay7ckwexa8Ao4NfDUeVYBTIxGG9fc1qh2q1JphdUW50PLRyNJXCDcnLtghSIDBi+wfFgVBtcMQ==",
      "license": "Apache-2.0",
      "bin": {
        "tsgo": "bin/tsgo.js"
      },
      "optionalDependencies": {
        "@typescript/native-preview-darwin-arm64": "7.0.0-dev.20260324.1",
        "@typescript/native-preview-darwin-x64": "7.0.0-dev.20260324.1",
        "@typescript/native-preview-linux-arm": "7.0.0-dev.20260324.1",
        "@typescript/native-preview-linux-arm64": "7.0.0-dev.20260324.1",
        "@typescript/native-preview-linux-x64": "7.0.0-dev.20260324.1",
        "@typescript/native-preview-win32-arm64": "7.0.0-dev.20260324.1",
        "@typescript/native-preview-win32-x64": "7.0.0-dev.20260324.1"
      }
    },
    "node_modules/@typescript/native-preview-darwin-arm64": {
      "version": "7.0.0-dev.20260324.1",
      "resolved": "https://registry.npmjs.org/@typescript/native-preview-darwin-arm64/-/native-preview-darwin-arm64-7.0.0-dev.20260324.1.tgz",
      "integrity": "sha512-Yg4zANP69mquBH4VwgfaSGj98Bc1o1mKFX4kk6WFEGvUX7BKvakiMXmKRKc79zY8HtpSKXiqTYcbOtumoRKfTA==",
      "cpu": [
        "arm64"
      ],
      "license": "Apache-2.0",
      "optional": true,
      "os": [
        "darwin"
      ]
    },
    "node_modules/@typescript/native-preview-darwin-x64": {
      "version": "7.0.0-dev.20260324.1",
      "resolved": "https://registry.npmjs.org/@typescript/native-preview-darwin-x64/-/native-preview-darwin-x64-7.0.0-dev.20260324.1.tgz",
      "integrity": "sha512-hlMIJQjlbwNTH3iS8IivAxeu7I4OLm645kErSynAR4i8O6lZiSeaZndUqIDYx/+er4bb01X0Fnxa8BTW2Emv2A==",
      "cpu": [
        "x64"
      ],
      "license": "Apache-2.0",
      "optional": true,
      "os": [
        "darwin"
      ]
    },
    "node_modules/@typescript/native-preview-linux-arm": {
      "version": "7.0.0-dev.20260324.1",
      "resolved": "https://registry.npmjs.org/@typescript/native-preview-linux-arm/-/native-preview-linux-arm-7.0.0-dev.20260324.1.tgz",
      "integrity": "sha512-uWcNrDuCdJb3TCAWI7TvrEzgluDiWmnNFeyE48mlgiVpcf7XVD9PwD0AIxvlO27NyF+NkQ3guHFssmjkhi0E9w==",
      "cpu": [
        "arm"
      ],
      "license": "Apache-2.0",
      "optional": true,
      "os": [
        "linux"
      ]
    },
    "node_modules/@typescript/native-preview-linux-arm64": {
      "version": "7.0.0-dev.20260324.1",
      "resolved": "https://registry.npmjs.org/@typescript/native-preview-linux-arm64/-/native-preview-linux-arm64-7.0.0-dev.20260324.1.tgz",
      "integrity": "sha512-1oCTzfOOujaa0DhFj7epM3xqhoI4l+d2f584zeQjPCvk8FJBj4kwfOMZV139bEe+G5IoGsvhJzzRYzfu2diZkA==",
      "cpu": [
        "arm64"
      ],
      "license": "Apache-2.0",
      "optional": true,
      "os": [
        "linux"
      ]
    },
    "node_modules/@typescript/native-preview-linux-x64": {
      "version": "7.0.0-dev.20260324.1",
      "resolved": "https://registry.npmjs.org/@typescript/native-preview-linux-x64/-/native-preview-linux-x64-7.0.0-dev.20260324.1.tgz",
      "integrity": "sha512-MzGh802vVwm9pCuFD6n7MrfaHn44ewayqZ5MSnSMmOZZzaOGwmGCCNDJUvsSsDSwIrYt8bU6LbUxx7TvlpJ8dQ==",
      "cpu": [
        "x64"
      ],
      "license": "Apache-2.0",
      "optional": true,
      "os": [
        "linux"
      ]
    },
    "node_modules/@typescript/native-preview-win32-arm64": {
      "version": "7.0.0-dev.20260324.1",
      "resolved": "https://registry.npmjs.org/@typescript/native-preview-win32-arm64/-/native-preview-win32-arm64-7.0.0-dev.20260324.1.tgz",
      "integrity": "sha512-CyxCw3Rj+nqI2cVP4CmdEAn+8UkGJM1vWmNQ2q3z5ZF3V+JdnlmhALEzk4bu0ddu5pyHwM1fOHLsD7xcGUcKtQ==",
      "cpu": [
        "arm64"
      ],
      "license": "Apache-2.0",
      "optional": true,
      "os": [
        "win32"
      ]
    },
    "node_modules/@typescript/native-preview-win32-x64": {
      "version": "7.0.0-dev.20260324.1",
      "resolved": "https://registry.npmjs.org/@typescript/native-preview-win32-x64/-/native-preview-win32-x64-7.0.0-dev.20260324.1.tgz",
      "integrity": "sha512-6J8V5cHOrh7Cjl6lv8+zsDY5NkbMYBwXroKlFUzThZ7vpJlEaa51DPQyCyILIXodv5XODd5arRcbaY+cC6Et8Q==",
      "cpu": [
        "x64"
      ],
      "license": "Apache-2.0",
      "optional": true,
      "os": [
        "win32"
      ]
    },
    "node_modules/dprint": {
      "version": "0.53.0",
      "resolved": "https://registry.npmjs.org/dprint/-/dprint-0.53.0.tgz",
      "integrity": "sha512-6t/XQviNEMNIUeDFcGCbqF11JG2cUR3fxX0IQwEV2odFdNC1RwBjIRNhxHYR7vXQtaUMHntcsWuETX+V4evdcg==",
      "dev": true,
      "hasInstallScript": true,
      "license": "MIT",
      "bin": {
        "dprint": "bin.cjs"
      },
      "optionalDependencies": {
        "@dprint/darwin-arm64": "0.53.0",
        "@dprint/darwin-x64": "0.53.0",
        "@dprint/linux-arm64-glibc": "0.53.0",
        "@dprint/linux-arm64-musl": "0.53.0",
        "@dprint/linux-loong64-glibc": "0.53.0",
        "@dprint/linux-loong64-musl": "0.53.0",
        "@dprint/linux-riscv64-glibc": "0.53.0",
        "@dprint/linux-x64-glibc": "0.53.0",
        "@dprint/linux-x64-musl": "0.53.0",
        "@dprint/win32-arm64": "0.53.0",
        "@dprint/win32-x64": "0.53.0"
      }
    },
    "node_modules/undici-types": {
      "version": "7.18.2",
      "resolved": "https://registry.npmjs.org/undici-types/-/undici-types-7.18.2.tgz",
      "integrity": "sha512-AsuCzffGHJybSaRrmr5eHr81mwJU3kjw6M+uprWvCXiNeN9SOGwQ3Jn8jb8m3Z6izVgknn1R0FTCEAP2QrLY/w==",
      "dev": true,
      "license": "MIT"
    }
  }
}
