# THIS IS AN AUTOGENERATED FILE. DO NOT EDIT THIS FILE DIRECTLY.
# yarn lockfile v1


"@types/node@*":
  version "20.5.9"
  resolved "https://registry.yarnpkg.com/@types/node/-/node-20.5.9.tgz#a70ec9d8fa0180a314c3ede0e20ea56ff71aed9a"
  integrity sha512-PcGNd//40kHAS3sTlzKB9C9XL4K0sTup8nbG5lC14kzEteTNuAFh9u5nA0o5TWnSG2r/JNPRXFVcHJIIeRlmqQ==

typescript@*:
  version "5.2.2"
  resolved "https://registry.yarnpkg.com/typescript/-/typescript-5.2.2.tgz#5ebb5e5a5b75f085f22bc3f8460fba308310fa78"
  integrity sha512-mI4WrpHsbCIcwT9cF4FZvr80QUeKvsUsUvKDoR+X/7XHQH98xYD8YHZg7ANtz2GtZt/CBq2QJ0thkGJMHfqc1w==
